
Microsoft Visual Studio Solution File, Format Version 12.00
# Visual Studio Version 16
VisualStudioVersion = 16.0.29911.84
MinimumVisualStudioVersion = 10.0.40219.1
Project("{8BC9CEB8-8B4A-11D0-8D11-00A0C91BC942}") = "01", "01\01.vcxproj", "{BA1F7B9A-E6D8-4249-AF99-4632E9AB3C02}"
EndProject
Project("{8BC9CEB8-8B4A-11D0-8D11-00A0C91BC942}") = "02", "02\02.vcxproj", "{BAF24F2E-D340-45ED-A462-B30F9C786135}"
EndProject
Project("{8BC9CEB8-8B4A-11D0-8D11-00A0C91BC942}") = "03", "03\03.vcxproj", "{145F306F-2D2F-4003-BBA0-9A1FD20E4BEC}"
EndProject
Project("{8BC9CEB8-8B4A-11D0-8D11-00A0C91BC942}") = "04", "04\04.vcxproj", "{69CBE705-9DBD-4C6B-9F9A-7CAAD6C37E08}"
EndProject
Project("{8BC9CEB8-8B4A-11D0-8D11-00A0C91BC942}") = "05", "05\05.vcxproj", "{688A2411-CFFA-4B1D-920B-E2F33E4C7DFA}"
EndProject
Project("{8BC9CEB8-8B4A-11D0-8D11-00A0C91BC942}") = "06", "06\06.vcxproj", "{6C924AA0-7D07-4370-BC46-35A23DD0370C}"
EndProject
Project("{8BC9CEB8-8B4A-11D0-8D11-00A0C91BC942}") = "07", "07\07.vcxproj", "{05AB6035-C216-4ECC-BC5E-38B3D63DD1BC}"
EndProject
Project("{8BC9CEB8-8B4A-11D0-8D11-00A0C91BC942}") = "08", "08\08.vcxproj", "{E2C43A99-2E4A-4BA5-893B-08508A7C3B0A}"
EndProject
Project("{8BC9CEB8-8B4A-11D0-8D11-00A0C91BC942}") = "09", "09\09.vcxproj", "{45293E06-E5BB-4A79-B15E-011B214D196E}"
EndProject
Project("{8BC9CEB8-8B4A-11D0-8D11-00A0C91BC942}") = "10", "10\10.vcxproj", "{CB917457-864F-45C9-94A9-1F1F310CEAEB}"
EndProject
Global
	GlobalSection(SolutionConfigurationPlatforms) = preSolution
		Debug|x64 = Debug|x64
		Debug|x86 = Debug|x86
		Release|x64 = Release|x64
		Release|x86 = Release|x86
	EndGlobalSection
	GlobalSection(ProjectConfigurationPlatforms) = postSolution
		{BA1F7B9A-E6D8-4249-AF99-4632E9AB3C02}.Debug|x64.ActiveCfg = Debug|x64
		{BA1F7B9A-E6D8-4249-AF99-4632E9AB3C02}.Debug|x64.Build.0 = Debug|x64
		{BA1F7B9A-E6D8-4249-AF99-4632E9AB3C02}.Debug|x86.ActiveCfg = Debug|Win32
		{BA1F7B9A-E6D8-4249-AF99-4632E9AB3C02}.Debug|x86.Build.0 = Debug|Win32
		{BA1F7B9A-E6D8-4249-AF99-4632E9AB3C02}.Release|x64.ActiveCfg = Release|x64
		{BA1F7B9A-E6D8-4249-AF99-4632E9AB3C02}.Release|x64.Build.0 = Release|x64
		{BA1F7B9A-E6D8-4249-AF99-4632E9AB3C02}.Release|x86.ActiveCfg = Release|Win32
		{BA1F7B9A-E6D8-4249-AF99-4632E9AB3C02}.Release|x86.Build.0 = Release|Win32
		{BAF24F2E-D340-45ED-A462-B30F9C786135}.Debug|x64.ActiveCfg = Debug|x64
		{BAF24F2E-D340-45ED-A462-B30F9C786135}.Debug|x64.Build.0 = Debug|x64
		{BAF24F2E-D340-45ED-A462-B30F9C786135}.Debug|x86.ActiveCfg = Debug|Win32
		{BAF24F2E-D340-45ED-A462-B30F9C786135}.Debug|x86.Build.0 = Debug|Win32
		{BAF24F2E-D340-45ED-A462-B30F9C786135}.Release|x64.ActiveCfg = Release|x64
		{BAF24F2E-D340-45ED-A462-B30F9C786135}.Release|x64.Build.0 = Release|x64
		{BAF24F2E-D340-45ED-A462-B30F9C786135}.Release|x86.ActiveCfg = Release|Win32
		{BAF24F2E-D340-45ED-A462-B30F9C786135}.Release|x86.Build.0 = Release|Win32
		{145F306F-2D2F-4003-BBA0-9A1FD20E4BEC}.Debug|x64.ActiveCfg = Debug|x64
		{145F306F-2D2F-4003-BBA0-9A1FD20E4BEC}.Debug|x64.Build.0 = Debug|x64
		{145F306F-2D2F-4003-BBA0-9A1FD20E4BEC}.Debug|x86.ActiveCfg = Debug|Win32
		{145F306F-2D2F-4003-BBA0-9A1FD20E4BEC}.Debug|x86.Build.0 = Debug|Win32
		{145F306F-2D2F-4003-BBA0-9A1FD20E4BEC}.Release|x64.ActiveCfg = Release|x64
		{145F306F-2D2F-4003-BBA0-9A1FD20E4BEC}.Release|x64.Build.0 = Release|x64
		{145F306F-2D2F-4003-BBA0-9A1FD20E4BEC}.Release|x86.ActiveCfg = Release|Win32
		{145F306F-2D2F-4003-BBA0-9A1FD20E4BEC}.Release|x86.Build.0 = Release|Win32
		{69CBE705-9DBD-4C6B-9F9A-7CAAD6C37E08}.Debug|x64.ActiveCfg = Debug|x64
		{69CBE705-9DBD-4C6B-9F9A-7CAAD6C37E08}.Debug|x64.Build.0 = Debug|x64
		{69CBE705-9DBD-4C6B-9F9A-7CAAD6C37E08}.Debug|x86.ActiveCfg = Debug|Win32
		{69CBE705-9DBD-4C6B-9F9A-7CAAD6C37E08}.Debug|x86.Build.0 = Debug|Win32
		{69CBE705-9DBD-4C6B-9F9A-7CAAD6C37E08}.Release|x64.ActiveCfg = Release|x64
		{69CBE705-9DBD-4C6B-9F9A-7CAAD6C37E08}.Release|x64.Build.0 = Release|x64
		{69CBE705-9DBD-4C6B-9F9A-7CAAD6C37E08}.Release|x86.ActiveCfg = Release|Win32
		{69CBE705-9DBD-4C6B-9F9A-7CAAD6C37E08}.Release|x86.Build.0 = Release|Win32
		{688A2411-CFFA-4B1D-920B-E2F33E4C7DFA}.Debug|x64.ActiveCfg = Debug|x64
		{688A2411-CFFA-4B1D-920B-E2F33E4C7DFA}.Debug|x64.Build.0 = Debug|x64
		{688A2411-CFFA-4B1D-920B-E2F33E4C7DFA}.Debug|x86.ActiveCfg = Debug|Win32
		{688A2411-CFFA-4B1D-920B-E2F33E4C7DFA}.Debug|x86.Build.0 = Debug|Win32
		{688A2411-CFFA-4B1D-920B-E2F33E4C7DFA}.Release|x64.ActiveCfg = Release|x64
		{688A2411-CFFA-4B1D-920B-E2F33E4C7DFA}.Release|x64.Build.0 = Release|x64
		{688A2411-CFFA-4B1D-920B-E2F33E4C7DFA}.Release|x86.ActiveCfg = Release|Win32
		{688A2411-CFFA-4B1D-920B-E2F33E4C7DFA}.Release|x86.Build.0 = Release|Win32
		{6C924AA0-7D07-4370-BC46-35A23DD0370C}.Debug|x64.ActiveCfg = Debug|x64
		{6C924AA0-7D07-4370-BC46-35A23DD0370C}.Debug|x64.Build.0 = Debug|x64
		{6C924AA0-7D07-4370-BC46-35A23DD0370C}.Debug|x86.ActiveCfg = Debug|Win32
		{6C924AA0-7D07-4370-BC46-35A23DD0370C}.Debug|x86.Build.0 = Debug|Win32
		{6C924AA0-7D07-4370-BC46-35A23DD0370C}.Release|x64.ActiveCfg = Release|x64
		{6C924AA0-7D07-4370-BC46-35A23DD0370C}.Release|x64.Build.0 = Release|x64
		{6C924AA0-7D07-4370-BC46-35A23DD0370C}.Release|x86.ActiveCfg = Release|Win32
		{6C924AA0-7D07-4370-BC46-35A23DD0370C}.Release|x86.Build.0 = Release|Win32
		{05AB6035-C216-4ECC-BC5E-38B3D63DD1BC}.Debug|x64.ActiveCfg = Debug|x64
		{05AB6035-C216-4ECC-BC5E-38B3D63DD1BC}.Debug|x64.Build.0 = Debug|x64
		{05AB6035-C216-4ECC-BC5E-38B3D63DD1BC}.Debug|x86.ActiveCfg = Debug|Win32
		{05AB6035-C216-4ECC-BC5E-38B3D63DD1BC}.Debug|x86.Build.0 = Debug|Win32
		{05AB6035-C216-4ECC-BC5E-38B3D63DD1BC}.Release|x64.ActiveCfg = Release|x64
		{05AB6035-C216-4ECC-BC5E-38B3D63DD1BC}.Release|x64.Build.0 = Release|x64
		{05AB6035-C216-4ECC-BC5E-38B3D63DD1BC}.Release|x86.ActiveCfg = Release|Win32
		{05AB6035-C216-4ECC-BC5E-38B3D63DD1BC}.Release|x86.Build.0 = Release|Win32
		{E2C43A99-2E4A-4BA5-893B-08508A7C3B0A}.Debug|x64.ActiveCfg = Debug|x64
		{E2C43A99-2E4A-4BA5-893B-08508A7C3B0A}.Debug|x64.Build.0 = Debug|x64
		{E2C43A99-2E4A-4BA5-893B-08508A7C3B0A}.Debug|x86.ActiveCfg = Debug|Win32
		{E2C43A99-2E4A-4BA5-893B-08508A7C3B0A}.Debug|x86.Build.0 = Debug|Win32
		{E2C43A99-2E4A-4BA5-893B-08508A7C3B0A}.Release|x64.ActiveCfg = Release|x64
		{E2C43A99-2E4A-4BA5-893B-08508A7C3B0A}.Release|x64.Build.0 = Release|x64
		{E2C43A99-2E4A-4BA5-893B-08508A7C3B0A}.Release|x86.ActiveCfg = Release|Win32
		{E2C43A99-2E4A-4BA5-893B-08508A7C3B0A}.Release|x86.Build.0 = Release|Win32
		{45293E06-E5BB-4A79-B15E-011B214D196E}.Debug|x64.ActiveCfg = Debug|x64
		{45293E06-E5BB-4A79-B15E-011B214D196E}.Debug|x64.Build.0 = Debug|x64
		{45293E06-E5BB-4A79-B15E-011B214D196E}.Debug|x86.ActiveCfg = Debug|Win32
		{45293E06-E5BB-4A79-B15E-011B214D196E}.Debug|x86.Build.0 = Debug|Win32
		{45293E06-E5BB-4A79-B15E-011B214D196E}.Release|x64.ActiveCfg = Release|x64
		{45293E06-E5BB-4A79-B15E-011B214D196E}.Release|x64.Build.0 = Release|x64
		{45293E06-E5BB-4A79-B15E-011B214D196E}.Release|x86.ActiveCfg = Release|Win32
		{45293E06-E5BB-4A79-B15E-011B214D196E}.Release|x86.Build.0 = Release|Win32
		{CB917457-864F-45C9-94A9-1F1F310CEAEB}.Debug|x64.ActiveCfg = Debug|x64
		{CB917457-864F-45C9-94A9-1F1F310CEAEB}.Debug|x64.Build.0 = Debug|x64
		{CB917457-864F-45C9-94A9-1F1F310CEAEB}.Debug|x86.ActiveCfg = Debug|Win32
		{CB917457-864F-45C9-94A9-1F1F310CEAEB}.Debug|x86.Build.0 = Debug|Win32
		{CB917457-864F-45C9-94A9-1F1F310CEAEB}.Release|x64.ActiveCfg = Release|x64
		{CB917457-864F-45C9-94A9-1F1F310CEAEB}.Release|x64.Build.0 = Release|x64
		{CB917457-864F-45C9-94A9-1F1F310CEAEB}.Release|x86.ActiveCfg = Release|Win32
		{CB917457-864F-45C9-94A9-1F1F310CEAEB}.Release|x86.Build.0 = Release|Win32
	EndGlobalSection
	GlobalSection(SolutionProperties) = preSolution
		HideSolutionNode = FALSE
	EndGlobalSection
	GlobalSection(ExtensibilityGlobals) = postSolution
		SolutionGuid = {E1704919-B798-4AA3-BA5C-5BAE23C02B0B}
	EndGlobalSection
EndGlobal
