
Microsoft Visual Studio Solution File, Format Version 12.00
# Visual Studio Version 16
VisualStudioVersion = 16.0.29911.84
MinimumVisualStudioVersion = 10.0.40219.1
Project("{8BC9CEB8-8B4A-11D0-8D11-00A0C91BC942}") = "01", "01\01.vcxproj", "{0592345A-5995-4FC9-90F2-64E2B7B27C5E}"
EndProject
Project("{8BC9CEB8-8B4A-11D0-8D11-00A0C91BC942}") = "02", "02\02.vcxproj", "{11DAE8B7-F61A-41D5-8E8B-7283A75DAF9E}"
EndProject
Project("{8BC9CEB8-8B4A-11D0-8D11-00A0C91BC942}") = "03", "03\03.vcxproj", "{949FF03E-A7B5-4342-9AA1-DBD40F843FE7}"
EndProject
Project("{8BC9CEB8-8B4A-11D0-8D11-00A0C91BC942}") = "04", "04\04.vcxproj", "{6191ECB8-52B3-43A3-B405-026A161477EB}"
EndProject
Project("{8BC9CEB8-8B4A-11D0-8D11-00A0C91BC942}") = "05", "05\05.vcxproj", "{1D7EC60F-9914-4EAF-86CF-953C60EC99FD}"
EndProject
Project("{8BC9CEB8-8B4A-11D0-8D11-00A0C91BC942}") = "06", "06\06.vcxproj", "{9F2A992B-DC67-42A5-9BEA-7C99EDBEC3DB}"
EndProject
Project("{8BC9CEB8-8B4A-11D0-8D11-00A0C91BC942}") = "07", "07\07.vcxproj", "{D1075C0F-D7BE-4F9C-ACE0-6A5B106CEF1F}"
EndProject
Project("{8BC9CEB8-8B4A-11D0-8D11-00A0C91BC942}") = "08", "08\08.vcxproj", "{C5461D4A-B98C-4200-AD61-CDD62102D207}"
EndProject
Project("{8BC9CEB8-8B4A-11D0-8D11-00A0C91BC942}") = "09", "09\09.vcxproj", "{2B548288-C577-4E3B-AD04-C735AEBB1FC1}"
EndProject
Project("{8BC9CEB8-8B4A-11D0-8D11-00A0C91BC942}") = "10", "10\10.vcxproj", "{FCD056BC-CFD8-416C-BB52-7E462397B16D}"
EndProject
Global
	GlobalSection(SolutionConfigurationPlatforms) = preSolution
		Debug|x64 = Debug|x64
		Debug|x86 = Debug|x86
		Release|x64 = Release|x64
		Release|x86 = Release|x86
	EndGlobalSection
	GlobalSection(ProjectConfigurationPlatforms) = postSolution
		{0592345A-5995-4FC9-90F2-64E2B7B27C5E}.Debug|x64.ActiveCfg = Debug|x64
		{0592345A-5995-4FC9-90F2-64E2B7B27C5E}.Debug|x64.Build.0 = Debug|x64
		{0592345A-5995-4FC9-90F2-64E2B7B27C5E}.Debug|x86.ActiveCfg = Debug|Win32
		{0592345A-5995-4FC9-90F2-64E2B7B27C5E}.Debug|x86.Build.0 = Debug|Win32
		{0592345A-5995-4FC9-90F2-64E2B7B27C5E}.Release|x64.ActiveCfg = Release|x64
		{0592345A-5995-4FC9-90F2-64E2B7B27C5E}.Release|x64.Build.0 = Release|x64
		{0592345A-5995-4FC9-90F2-64E2B7B27C5E}.Release|x86.ActiveCfg = Release|Win32
		{0592345A-5995-4FC9-90F2-64E2B7B27C5E}.Release|x86.Build.0 = Release|Win32
		{11DAE8B7-F61A-41D5-8E8B-7283A75DAF9E}.Debug|x64.ActiveCfg = Debug|x64
		{11DAE8B7-F61A-41D5-8E8B-7283A75DAF9E}.Debug|x64.Build.0 = Debug|x64
		{11DAE8B7-F61A-41D5-8E8B-7283A75DAF9E}.Debug|x86.ActiveCfg = Debug|Win32
		{11DAE8B7-F61A-41D5-8E8B-7283A75DAF9E}.Debug|x86.Build.0 = Debug|Win32
		{11DAE8B7-F61A-41D5-8E8B-7283A75DAF9E}.Release|x64.ActiveCfg = Release|x64
		{11DAE8B7-F61A-41D5-8E8B-7283A75DAF9E}.Release|x64.Build.0 = Release|x64
		{11DAE8B7-F61A-41D5-8E8B-7283A75DAF9E}.Release|x86.ActiveCfg = Release|Win32
		{11DAE8B7-F61A-41D5-8E8B-7283A75DAF9E}.Release|x86.Build.0 = Release|Win32
		{949FF03E-A7B5-4342-9AA1-DBD40F843FE7}.Debug|x64.ActiveCfg = Debug|x64
		{949FF03E-A7B5-4342-9AA1-DBD40F843FE7}.Debug|x64.Build.0 = Debug|x64
		{949FF03E-A7B5-4342-9AA1-DBD40F843FE7}.Debug|x86.ActiveCfg = Debug|Win32
		{949FF03E-A7B5-4342-9AA1-DBD40F843FE7}.Debug|x86.Build.0 = Debug|Win32
		{949FF03E-A7B5-4342-9AA1-DBD40F843FE7}.Release|x64.ActiveCfg = Release|x64
		{949FF03E-A7B5-4342-9AA1-DBD40F843FE7}.Release|x64.Build.0 = Release|x64
		{949FF03E-A7B5-4342-9AA1-DBD40F843FE7}.Release|x86.ActiveCfg = Release|Win32
		{949FF03E-A7B5-4342-9AA1-DBD40F843FE7}.Release|x86.Build.0 = Release|Win32
		{6191ECB8-52B3-43A3-B405-026A161477EB}.Debug|x64.ActiveCfg = Debug|x64
		{6191ECB8-52B3-43A3-B405-026A161477EB}.Debug|x64.Build.0 = Debug|x64
		{6191ECB8-52B3-43A3-B405-026A161477EB}.Debug|x86.ActiveCfg = Debug|Win32
		{6191ECB8-52B3-43A3-B405-026A161477EB}.Debug|x86.Build.0 = Debug|Win32
		{6191ECB8-52B3-43A3-B405-026A161477EB}.Release|x64.ActiveCfg = Release|x64
		{6191ECB8-52B3-43A3-B405-026A161477EB}.Release|x64.Build.0 = Release|x64
		{6191ECB8-52B3-43A3-B405-026A161477EB}.Release|x86.ActiveCfg = Release|Win32
		{6191ECB8-52B3-43A3-B405-026A161477EB}.Release|x86.Build.0 = Release|Win32
		{1D7EC60F-9914-4EAF-86CF-953C60EC99FD}.Debug|x64.ActiveCfg = Debug|x64
		{1D7EC60F-9914-4EAF-86CF-953C60EC99FD}.Debug|x64.Build.0 = Debug|x64
		{1D7EC60F-9914-4EAF-86CF-953C60EC99FD}.Debug|x86.ActiveCfg = Debug|Win32
		{1D7EC60F-9914-4EAF-86CF-953C60EC99FD}.Debug|x86.Build.0 = Debug|Win32
		{1D7EC60F-9914-4EAF-86CF-953C60EC99FD}.Release|x64.ActiveCfg = Release|x64
		{1D7EC60F-9914-4EAF-86CF-953C60EC99FD}.Release|x64.Build.0 = Release|x64
		{1D7EC60F-9914-4EAF-86CF-953C60EC99FD}.Release|x86.ActiveCfg = Release|Win32
		{1D7EC60F-9914-4EAF-86CF-953C60EC99FD}.Release|x86.Build.0 = Release|Win32
		{9F2A992B-DC67-42A5-9BEA-7C99EDBEC3DB}.Debug|x64.ActiveCfg = Debug|x64
		{9F2A992B-DC67-42A5-9BEA-7C99EDBEC3DB}.Debug|x64.Build.0 = Debug|x64
		{9F2A992B-DC67-42A5-9BEA-7C99EDBEC3DB}.Debug|x86.ActiveCfg = Debug|Win32
		{9F2A992B-DC67-42A5-9BEA-7C99EDBEC3DB}.Debug|x86.Build.0 = Debug|Win32
		{9F2A992B-DC67-42A5-9BEA-7C99EDBEC3DB}.Release|x64.ActiveCfg = Release|x64
		{9F2A992B-DC67-42A5-9BEA-7C99EDBEC3DB}.Release|x64.Build.0 = Release|x64
		{9F2A992B-DC67-42A5-9BEA-7C99EDBEC3DB}.Release|x86.ActiveCfg = Release|Win32
		{9F2A992B-DC67-42A5-9BEA-7C99EDBEC3DB}.Release|x86.Build.0 = Release|Win32
		{D1075C0F-D7BE-4F9C-ACE0-6A5B106CEF1F}.Debug|x64.ActiveCfg = Debug|x64
		{D1075C0F-D7BE-4F9C-ACE0-6A5B106CEF1F}.Debug|x64.Build.0 = Debug|x64
		{D1075C0F-D7BE-4F9C-ACE0-6A5B106CEF1F}.Debug|x86.ActiveCfg = Debug|Win32
		{D1075C0F-D7BE-4F9C-ACE0-6A5B106CEF1F}.Debug|x86.Build.0 = Debug|Win32
		{D1075C0F-D7BE-4F9C-ACE0-6A5B106CEF1F}.Release|x64.ActiveCfg = Release|x64
		{D1075C0F-D7BE-4F9C-ACE0-6A5B106CEF1F}.Release|x64.Build.0 = Release|x64
		{D1075C0F-D7BE-4F9C-ACE0-6A5B106CEF1F}.Release|x86.ActiveCfg = Release|Win32
		{D1075C0F-D7BE-4F9C-ACE0-6A5B106CEF1F}.Release|x86.Build.0 = Release|Win32
		{C5461D4A-B98C-4200-AD61-CDD62102D207}.Debug|x64.ActiveCfg = Debug|x64
		{C5461D4A-B98C-4200-AD61-CDD62102D207}.Debug|x64.Build.0 = Debug|x64
		{C5461D4A-B98C-4200-AD61-CDD62102D207}.Debug|x86.ActiveCfg = Debug|Win32
		{C5461D4A-B98C-4200-AD61-CDD62102D207}.Debug|x86.Build.0 = Debug|Win32
		{C5461D4A-B98C-4200-AD61-CDD62102D207}.Release|x64.ActiveCfg = Release|x64
		{C5461D4A-B98C-4200-AD61-CDD62102D207}.Release|x64.Build.0 = Release|x64
		{C5461D4A-B98C-4200-AD61-CDD62102D207}.Release|x86.ActiveCfg = Release|Win32
		{C5461D4A-B98C-4200-AD61-CDD62102D207}.Release|x86.Build.0 = Release|Win32
		{2B548288-C577-4E3B-AD04-C735AEBB1FC1}.Debug|x64.ActiveCfg = Debug|x64
		{2B548288-C577-4E3B-AD04-C735AEBB1FC1}.Debug|x64.Build.0 = Debug|x64
		{2B548288-C577-4E3B-AD04-C735AEBB1FC1}.Debug|x86.ActiveCfg = Debug|Win32
		{2B548288-C577-4E3B-AD04-C735AEBB1FC1}.Debug|x86.Build.0 = Debug|Win32
		{2B548288-C577-4E3B-AD04-C735AEBB1FC1}.Release|x64.ActiveCfg = Release|x64
		{2B548288-C577-4E3B-AD04-C735AEBB1FC1}.Release|x64.Build.0 = Release|x64
		{2B548288-C577-4E3B-AD04-C735AEBB1FC1}.Release|x86.ActiveCfg = Release|Win32
		{2B548288-C577-4E3B-AD04-C735AEBB1FC1}.Release|x86.Build.0 = Release|Win32
		{FCD056BC-CFD8-416C-BB52-7E462397B16D}.Debug|x64.ActiveCfg = Debug|x64
		{FCD056BC-CFD8-416C-BB52-7E462397B16D}.Debug|x64.Build.0 = Debug|x64
		{FCD056BC-CFD8-416C-BB52-7E462397B16D}.Debug|x86.ActiveCfg = Debug|Win32
		{FCD056BC-CFD8-416C-BB52-7E462397B16D}.Debug|x86.Build.0 = Debug|Win32
		{FCD056BC-CFD8-416C-BB52-7E462397B16D}.Release|x64.ActiveCfg = Release|x64
		{FCD056BC-CFD8-416C-BB52-7E462397B16D}.Release|x64.Build.0 = Release|x64
		{FCD056BC-CFD8-416C-BB52-7E462397B16D}.Release|x86.ActiveCfg = Release|Win32
		{FCD056BC-CFD8-416C-BB52-7E462397B16D}.Release|x86.Build.0 = Release|Win32
	EndGlobalSection
	GlobalSection(SolutionProperties) = preSolution
		HideSolutionNode = FALSE
	EndGlobalSection
	GlobalSection(ExtensibilityGlobals) = postSolution
		SolutionGuid = {8D68BA75-AFD2-46A3-8755-D3E2C6A2B777}
	EndGlobalSection
EndGlobal
