
Microsoft Visual Studio Solution File, Format Version 12.00
# Visual Studio Version 16
VisualStudioVersion = 16.0.29911.84
MinimumVisualStudioVersion = 10.0.40219.1
Project("{8BC9CEB8-8B4A-11D0-8D11-00A0C91BC942}") = "01", "01\01.vcxproj", "{1280D391-3690-4F42-851A-9B74A45E044F}"
EndProject
Project("{8BC9CEB8-8B4A-11D0-8D11-00A0C91BC942}") = "02", "02\02.vcxproj", "{E05390F8-4592-465A-A064-D93FCEE1663B}"
EndProject
Project("{8BC9CEB8-8B4A-11D0-8D11-00A0C91BC942}") = "03", "03\03.vcxproj", "{AA25311A-8B57-4847-A525-4253A525C7B4}"
EndProject
Project("{8BC9CEB8-8B4A-11D0-8D11-00A0C91BC942}") = "04", "04\04.vcxproj", "{EFD0EF85-2230-4E93-B0CB-FA2F6FD103E5}"
EndProject
Project("{8BC9CEB8-8B4A-11D0-8D11-00A0C91BC942}") = "09", "09\09.vcxproj", "{E2380268-E75F-4D82-B903-E9DDA6C17DC3}"
EndProject
Project("{8BC9CEB8-8B4A-11D0-8D11-00A0C91BC942}") = "08", "08\08.vcxproj", "{0B44217F-C916-4026-A79D-76EA1747FE8A}"
EndProject
Project("{8BC9CEB8-8B4A-11D0-8D11-00A0C91BC942}") = "05", "05\05.vcxproj", "{D590C44C-AF43-4866-97D4-47B67992BFF7}"
EndProject
Project("{8BC9CEB8-8B4A-11D0-8D11-00A0C91BC942}") = "06", "06\06.vcxproj", "{FFF8379F-77B2-4633-BADB-37AE6C8B3AC0}"
EndProject
Project("{8BC9CEB8-8B4A-11D0-8D11-00A0C91BC942}") = "10", "10\10.vcxproj", "{4C12C646-FC2A-45B7-AE44-73CED2135ED0}"
EndProject
Project("{8BC9CEB8-8B4A-11D0-8D11-00A0C91BC942}") = "07", "07\07.vcxproj", "{B46FC325-50F0-4DE9-9029-3B0A9C4905B2}"
EndProject
Global
	GlobalSection(SolutionConfigurationPlatforms) = preSolution
		Debug|x64 = Debug|x64
		Debug|x86 = Debug|x86
		Release|x64 = Release|x64
		Release|x86 = Release|x86
	EndGlobalSection
	GlobalSection(ProjectConfigurationPlatforms) = postSolution
		{1280D391-3690-4F42-851A-9B74A45E044F}.Debug|x64.ActiveCfg = Debug|x64
		{1280D391-3690-4F42-851A-9B74A45E044F}.Debug|x64.Build.0 = Debug|x64
		{1280D391-3690-4F42-851A-9B74A45E044F}.Debug|x86.ActiveCfg = Debug|Win32
		{1280D391-3690-4F42-851A-9B74A45E044F}.Debug|x86.Build.0 = Debug|Win32
		{1280D391-3690-4F42-851A-9B74A45E044F}.Release|x64.ActiveCfg = Release|x64
		{1280D391-3690-4F42-851A-9B74A45E044F}.Release|x64.Build.0 = Release|x64
		{1280D391-3690-4F42-851A-9B74A45E044F}.Release|x86.ActiveCfg = Release|Win32
		{1280D391-3690-4F42-851A-9B74A45E044F}.Release|x86.Build.0 = Release|Win32
		{E05390F8-4592-465A-A064-D93FCEE1663B}.Debug|x64.ActiveCfg = Debug|x64
		{E05390F8-4592-465A-A064-D93FCEE1663B}.Debug|x64.Build.0 = Debug|x64
		{E05390F8-4592-465A-A064-D93FCEE1663B}.Debug|x86.ActiveCfg = Debug|Win32
		{E05390F8-4592-465A-A064-D93FCEE1663B}.Debug|x86.Build.0 = Debug|Win32
		{E05390F8-4592-465A-A064-D93FCEE1663B}.Release|x64.ActiveCfg = Release|x64
		{E05390F8-4592-465A-A064-D93FCEE1663B}.Release|x64.Build.0 = Release|x64
		{E05390F8-4592-465A-A064-D93FCEE1663B}.Release|x86.ActiveCfg = Release|Win32
		{E05390F8-4592-465A-A064-D93FCEE1663B}.Release|x86.Build.0 = Release|Win32
		{AA25311A-8B57-4847-A525-4253A525C7B4}.Debug|x64.ActiveCfg = Debug|x64
		{AA25311A-8B57-4847-A525-4253A525C7B4}.Debug|x64.Build.0 = Debug|x64
		{AA25311A-8B57-4847-A525-4253A525C7B4}.Debug|x86.ActiveCfg = Debug|Win32
		{AA25311A-8B57-4847-A525-4253A525C7B4}.Debug|x86.Build.0 = Debug|Win32
		{AA25311A-8B57-4847-A525-4253A525C7B4}.Release|x64.ActiveCfg = Release|x64
		{AA25311A-8B57-4847-A525-4253A525C7B4}.Release|x64.Build.0 = Release|x64
		{AA25311A-8B57-4847-A525-4253A525C7B4}.Release|x86.ActiveCfg = Release|Win32
		{AA25311A-8B57-4847-A525-4253A525C7B4}.Release|x86.Build.0 = Release|Win32
		{EFD0EF85-2230-4E93-B0CB-FA2F6FD103E5}.Debug|x64.ActiveCfg = Debug|x64
		{EFD0EF85-2230-4E93-B0CB-FA2F6FD103E5}.Debug|x64.Build.0 = Debug|x64
		{EFD0EF85-2230-4E93-B0CB-FA2F6FD103E5}.Debug|x86.ActiveCfg = Debug|Win32
		{EFD0EF85-2230-4E93-B0CB-FA2F6FD103E5}.Debug|x86.Build.0 = Debug|Win32
		{EFD0EF85-2230-4E93-B0CB-FA2F6FD103E5}.Release|x64.ActiveCfg = Release|x64
		{EFD0EF85-2230-4E93-B0CB-FA2F6FD103E5}.Release|x64.Build.0 = Release|x64
		{EFD0EF85-2230-4E93-B0CB-FA2F6FD103E5}.Release|x86.ActiveCfg = Release|Win32
		{EFD0EF85-2230-4E93-B0CB-FA2F6FD103E5}.Release|x86.Build.0 = Release|Win32
		{E2380268-E75F-4D82-B903-E9DDA6C17DC3}.Debug|x64.ActiveCfg = Debug|x64
		{E2380268-E75F-4D82-B903-E9DDA6C17DC3}.Debug|x64.Build.0 = Debug|x64
		{E2380268-E75F-4D82-B903-E9DDA6C17DC3}.Debug|x86.ActiveCfg = Debug|Win32
		{E2380268-E75F-4D82-B903-E9DDA6C17DC3}.Debug|x86.Build.0 = Debug|Win32
		{E2380268-E75F-4D82-B903-E9DDA6C17DC3}.Release|x64.ActiveCfg = Release|x64
		{E2380268-E75F-4D82-B903-E9DDA6C17DC3}.Release|x64.Build.0 = Release|x64
		{E2380268-E75F-4D82-B903-E9DDA6C17DC3}.Release|x86.ActiveCfg = Release|Win32
		{E2380268-E75F-4D82-B903-E9DDA6C17DC3}.Release|x86.Build.0 = Release|Win32
		{0B44217F-C916-4026-A79D-76EA1747FE8A}.Debug|x64.ActiveCfg = Debug|x64
		{0B44217F-C916-4026-A79D-76EA1747FE8A}.Debug|x64.Build.0 = Debug|x64
		{0B44217F-C916-4026-A79D-76EA1747FE8A}.Debug|x86.ActiveCfg = Debug|Win32
		{0B44217F-C916-4026-A79D-76EA1747FE8A}.Debug|x86.Build.0 = Debug|Win32
		{0B44217F-C916-4026-A79D-76EA1747FE8A}.Release|x64.ActiveCfg = Release|x64
		{0B44217F-C916-4026-A79D-76EA1747FE8A}.Release|x64.Build.0 = Release|x64
		{0B44217F-C916-4026-A79D-76EA1747FE8A}.Release|x86.ActiveCfg = Release|Win32
		{0B44217F-C916-4026-A79D-76EA1747FE8A}.Release|x86.Build.0 = Release|Win32
		{D590C44C-AF43-4866-97D4-47B67992BFF7}.Debug|x64.ActiveCfg = Debug|x64
		{D590C44C-AF43-4866-97D4-47B67992BFF7}.Debug|x64.Build.0 = Debug|x64
		{D590C44C-AF43-4866-97D4-47B67992BFF7}.Debug|x86.ActiveCfg = Debug|Win32
		{D590C44C-AF43-4866-97D4-47B67992BFF7}.Debug|x86.Build.0 = Debug|Win32
		{D590C44C-AF43-4866-97D4-47B67992BFF7}.Release|x64.ActiveCfg = Release|x64
		{D590C44C-AF43-4866-97D4-47B67992BFF7}.Release|x64.Build.0 = Release|x64
		{D590C44C-AF43-4866-97D4-47B67992BFF7}.Release|x86.ActiveCfg = Release|Win32
		{D590C44C-AF43-4866-97D4-47B67992BFF7}.Release|x86.Build.0 = Release|Win32
		{FFF8379F-77B2-4633-BADB-37AE6C8B3AC0}.Debug|x64.ActiveCfg = Debug|x64
		{FFF8379F-77B2-4633-BADB-37AE6C8B3AC0}.Debug|x64.Build.0 = Debug|x64
		{FFF8379F-77B2-4633-BADB-37AE6C8B3AC0}.Debug|x86.ActiveCfg = Debug|Win32
		{FFF8379F-77B2-4633-BADB-37AE6C8B3AC0}.Debug|x86.Build.0 = Debug|Win32
		{FFF8379F-77B2-4633-BADB-37AE6C8B3AC0}.Release|x64.ActiveCfg = Release|x64
		{FFF8379F-77B2-4633-BADB-37AE6C8B3AC0}.Release|x64.Build.0 = Release|x64
		{FFF8379F-77B2-4633-BADB-37AE6C8B3AC0}.Release|x86.ActiveCfg = Release|Win32
		{FFF8379F-77B2-4633-BADB-37AE6C8B3AC0}.Release|x86.Build.0 = Release|Win32
		{4C12C646-FC2A-45B7-AE44-73CED2135ED0}.Debug|x64.ActiveCfg = Debug|x64
		{4C12C646-FC2A-45B7-AE44-73CED2135ED0}.Debug|x64.Build.0 = Debug|x64
		{4C12C646-FC2A-45B7-AE44-73CED2135ED0}.Debug|x86.ActiveCfg = Debug|Win32
		{4C12C646-FC2A-45B7-AE44-73CED2135ED0}.Debug|x86.Build.0 = Debug|Win32
		{4C12C646-FC2A-45B7-AE44-73CED2135ED0}.Release|x64.ActiveCfg = Release|x64
		{4C12C646-FC2A-45B7-AE44-73CED2135ED0}.Release|x64.Build.0 = Release|x64
		{4C12C646-FC2A-45B7-AE44-73CED2135ED0}.Release|x86.ActiveCfg = Release|Win32
		{4C12C646-FC2A-45B7-AE44-73CED2135ED0}.Release|x86.Build.0 = Release|Win32
		{B46FC325-50F0-4DE9-9029-3B0A9C4905B2}.Debug|x64.ActiveCfg = Debug|x64
		{B46FC325-50F0-4DE9-9029-3B0A9C4905B2}.Debug|x64.Build.0 = Debug|x64
		{B46FC325-50F0-4DE9-9029-3B0A9C4905B2}.Debug|x86.ActiveCfg = Debug|Win32
		{B46FC325-50F0-4DE9-9029-3B0A9C4905B2}.Debug|x86.Build.0 = Debug|Win32
		{B46FC325-50F0-4DE9-9029-3B0A9C4905B2}.Release|x64.ActiveCfg = Release|x64
		{B46FC325-50F0-4DE9-9029-3B0A9C4905B2}.Release|x64.Build.0 = Release|x64
		{B46FC325-50F0-4DE9-9029-3B0A9C4905B2}.Release|x86.ActiveCfg = Release|Win32
		{B46FC325-50F0-4DE9-9029-3B0A9C4905B2}.Release|x86.Build.0 = Release|Win32
	EndGlobalSection
	GlobalSection(SolutionProperties) = preSolution
		HideSolutionNode = FALSE
	EndGlobalSection
	GlobalSection(ExtensibilityGlobals) = postSolution
		SolutionGuid = {BA423009-FA66-4D03-82A5-9384799C3B04}
	EndGlobalSection
EndGlobal
