
Microsoft Visual Studio Solution File, Format Version 12.00
# Visual Studio Version 16
VisualStudioVersion = 16.0.29911.84
MinimumVisualStudioVersion = 10.0.40219.1
Project("{8BC9CEB8-8B4A-11D0-8D11-00A0C91BC942}") = "01", "01\01.vcxproj", "{812CC454-DDCA-4E74-A7C8-015E9A1EA8EF}"
EndProject
Project("{8BC9CEB8-8B4A-11D0-8D11-00A0C91BC942}") = "02", "02\02.vcxproj", "{E28BF703-6B4C-46D3-B2FD-A4B9381B213F}"
EndProject
Project("{8BC9CEB8-8B4A-11D0-8D11-00A0C91BC942}") = "print_string", "print_string\print_string.vcxproj", "{4A4CC42E-00B2-4B4D-A516-3396B216D62D}"
EndProject
Project("{8BC9CEB8-8B4A-11D0-8D11-00A0C91BC942}") = "03", "03\03.vcxproj", "{33330BCD-CAD2-41F5-985D-C9C5FB0E8A93}"
EndProject
Project("{8BC9CEB8-8B4A-11D0-8D11-00A0C91BC942}") = "04", "04\04.vcxproj", "{7323C59D-1C13-45AF-8211-DBBA67C881C4}"
EndProject
Project("{8BC9CEB8-8B4A-11D0-8D11-00A0C91BC942}") = "05", "05\05.vcxproj", "{C2951830-885D-4220-8008-30DCF2DEC7F2}"
EndProject
Project("{8BC9CEB8-8B4A-11D0-8D11-00A0C91BC942}") = "06", "06\06.vcxproj", "{F095C61D-72E9-46E7-AA02-7BDAD03F80F0}"
EndProject
Project("{8BC9CEB8-8B4A-11D0-8D11-00A0C91BC942}") = "07", "07\07.vcxproj", "{7D7852D2-BFA6-4637-8BB0-B38303F8D405}"
EndProject
Project("{8BC9CEB8-8B4A-11D0-8D11-00A0C91BC942}") = "08", "08\08.vcxproj", "{BD2E056A-AF19-4E91-8F78-4065138EE7DB}"
EndProject
Project("{8BC9CEB8-8B4A-11D0-8D11-00A0C91BC942}") = "09", "09\09.vcxproj", "{A5D4E032-6C3C-4A27-B6CB-AC598086FB5D}"
EndProject
Project("{8BC9CEB8-8B4A-11D0-8D11-00A0C91BC942}") = "10", "10\10.vcxproj", "{EC2F0000-6638-4BA9-84C5-0E1C8594CA27}"
EndProject
Project("{8BC9CEB8-8B4A-11D0-8D11-00A0C91BC942}") = "11", "11\11.vcxproj", "{44D8DB46-8A37-4454-A526-58F20A49440D}"
EndProject
Project("{8BC9CEB8-8B4A-11D0-8D11-00A0C91BC942}") = "12", "12\12.vcxproj", "{01B089DC-C317-4FFF-A642-35D89575686F}"
EndProject
Project("{8BC9CEB8-8B4A-11D0-8D11-00A0C91BC942}") = "13", "13\13.vcxproj", "{AD449C24-E131-457D-A7A7-722DA1B1BADD}"
EndProject
Project("{8BC9CEB8-8B4A-11D0-8D11-00A0C91BC942}") = "14", "14\14.vcxproj", "{6CEE8A17-C600-4DFE-962D-9404529382A4}"
EndProject
Global
	GlobalSection(SolutionConfigurationPlatforms) = preSolution
		Debug|x64 = Debug|x64
		Debug|x86 = Debug|x86
		Release|x64 = Release|x64
		Release|x86 = Release|x86
	EndGlobalSection
	GlobalSection(ProjectConfigurationPlatforms) = postSolution
		{812CC454-DDCA-4E74-A7C8-015E9A1EA8EF}.Debug|x64.ActiveCfg = Debug|x64
		{812CC454-DDCA-4E74-A7C8-015E9A1EA8EF}.Debug|x64.Build.0 = Debug|x64
		{812CC454-DDCA-4E74-A7C8-015E9A1EA8EF}.Debug|x86.ActiveCfg = Debug|Win32
		{812CC454-DDCA-4E74-A7C8-015E9A1EA8EF}.Debug|x86.Build.0 = Debug|Win32
		{812CC454-DDCA-4E74-A7C8-015E9A1EA8EF}.Release|x64.ActiveCfg = Release|x64
		{812CC454-DDCA-4E74-A7C8-015E9A1EA8EF}.Release|x64.Build.0 = Release|x64
		{812CC454-DDCA-4E74-A7C8-015E9A1EA8EF}.Release|x86.ActiveCfg = Release|Win32
		{812CC454-DDCA-4E74-A7C8-015E9A1EA8EF}.Release|x86.Build.0 = Release|Win32
		{E28BF703-6B4C-46D3-B2FD-A4B9381B213F}.Debug|x64.ActiveCfg = Debug|x64
		{E28BF703-6B4C-46D3-B2FD-A4B9381B213F}.Debug|x64.Build.0 = Debug|x64
		{E28BF703-6B4C-46D3-B2FD-A4B9381B213F}.Debug|x86.ActiveCfg = Debug|Win32
		{E28BF703-6B4C-46D3-B2FD-A4B9381B213F}.Debug|x86.Build.0 = Debug|Win32
		{E28BF703-6B4C-46D3-B2FD-A4B9381B213F}.Release|x64.ActiveCfg = Release|x64
		{E28BF703-6B4C-46D3-B2FD-A4B9381B213F}.Release|x64.Build.0 = Release|x64
		{E28BF703-6B4C-46D3-B2FD-A4B9381B213F}.Release|x86.ActiveCfg = Release|Win32
		{E28BF703-6B4C-46D3-B2FD-A4B9381B213F}.Release|x86.Build.0 = Release|Win32
		{4A4CC42E-00B2-4B4D-A516-3396B216D62D}.Debug|x64.ActiveCfg = Debug|x64
		{4A4CC42E-00B2-4B4D-A516-3396B216D62D}.Debug|x64.Build.0 = Debug|x64
		{4A4CC42E-00B2-4B4D-A516-3396B216D62D}.Debug|x86.ActiveCfg = Debug|Win32
		{4A4CC42E-00B2-4B4D-A516-3396B216D62D}.Debug|x86.Build.0 = Debug|Win32
		{4A4CC42E-00B2-4B4D-A516-3396B216D62D}.Release|x64.ActiveCfg = Release|x64
		{4A4CC42E-00B2-4B4D-A516-3396B216D62D}.Release|x64.Build.0 = Release|x64
		{4A4CC42E-00B2-4B4D-A516-3396B216D62D}.Release|x86.ActiveCfg = Release|Win32
		{4A4CC42E-00B2-4B4D-A516-3396B216D62D}.Release|x86.Build.0 = Release|Win32
		{33330BCD-CAD2-41F5-985D-C9C5FB0E8A93}.Debug|x64.ActiveCfg = Debug|x64
		{33330BCD-CAD2-41F5-985D-C9C5FB0E8A93}.Debug|x64.Build.0 = Debug|x64
		{33330BCD-CAD2-41F5-985D-C9C5FB0E8A93}.Debug|x86.ActiveCfg = Debug|Win32
		{33330BCD-CAD2-41F5-985D-C9C5FB0E8A93}.Debug|x86.Build.0 = Debug|Win32
		{33330BCD-CAD2-41F5-985D-C9C5FB0E8A93}.Release|x64.ActiveCfg = Release|x64
		{33330BCD-CAD2-41F5-985D-C9C5FB0E8A93}.Release|x64.Build.0 = Release|x64
		{33330BCD-CAD2-41F5-985D-C9C5FB0E8A93}.Release|x86.ActiveCfg = Release|Win32
		{33330BCD-CAD2-41F5-985D-C9C5FB0E8A93}.Release|x86.Build.0 = Release|Win32
		{7323C59D-1C13-45AF-8211-DBBA67C881C4}.Debug|x64.ActiveCfg = Debug|x64
		{7323C59D-1C13-45AF-8211-DBBA67C881C4}.Debug|x64.Build.0 = Debug|x64
		{7323C59D-1C13-45AF-8211-DBBA67C881C4}.Debug|x86.ActiveCfg = Debug|Win32
		{7323C59D-1C13-45AF-8211-DBBA67C881C4}.Debug|x86.Build.0 = Debug|Win32
		{7323C59D-1C13-45AF-8211-DBBA67C881C4}.Release|x64.ActiveCfg = Release|x64
		{7323C59D-1C13-45AF-8211-DBBA67C881C4}.Release|x64.Build.0 = Release|x64
		{7323C59D-1C13-45AF-8211-DBBA67C881C4}.Release|x86.ActiveCfg = Release|Win32
		{7323C59D-1C13-45AF-8211-DBBA67C881C4}.Release|x86.Build.0 = Release|Win32
		{C2951830-885D-4220-8008-30DCF2DEC7F2}.Debug|x64.ActiveCfg = Debug|x64
		{C2951830-885D-4220-8008-30DCF2DEC7F2}.Debug|x64.Build.0 = Debug|x64
		{C2951830-885D-4220-8008-30DCF2DEC7F2}.Debug|x86.ActiveCfg = Debug|Win32
		{C2951830-885D-4220-8008-30DCF2DEC7F2}.Debug|x86.Build.0 = Debug|Win32
		{C2951830-885D-4220-8008-30DCF2DEC7F2}.Release|x64.ActiveCfg = Release|x64
		{C2951830-885D-4220-8008-30DCF2DEC7F2}.Release|x64.Build.0 = Release|x64
		{C2951830-885D-4220-8008-30DCF2DEC7F2}.Release|x86.ActiveCfg = Release|Win32
		{C2951830-885D-4220-8008-30DCF2DEC7F2}.Release|x86.Build.0 = Release|Win32
		{F095C61D-72E9-46E7-AA02-7BDAD03F80F0}.Debug|x64.ActiveCfg = Debug|x64
		{F095C61D-72E9-46E7-AA02-7BDAD03F80F0}.Debug|x64.Build.0 = Debug|x64
		{F095C61D-72E9-46E7-AA02-7BDAD03F80F0}.Debug|x86.ActiveCfg = Debug|Win32
		{F095C61D-72E9-46E7-AA02-7BDAD03F80F0}.Debug|x86.Build.0 = Debug|Win32
		{F095C61D-72E9-46E7-AA02-7BDAD03F80F0}.Release|x64.ActiveCfg = Release|x64
		{F095C61D-72E9-46E7-AA02-7BDAD03F80F0}.Release|x64.Build.0 = Release|x64
		{F095C61D-72E9-46E7-AA02-7BDAD03F80F0}.Release|x86.ActiveCfg = Release|Win32
		{F095C61D-72E9-46E7-AA02-7BDAD03F80F0}.Release|x86.Build.0 = Release|Win32
		{7D7852D2-BFA6-4637-8BB0-B38303F8D405}.Debug|x64.ActiveCfg = Debug|x64
		{7D7852D2-BFA6-4637-8BB0-B38303F8D405}.Debug|x64.Build.0 = Debug|x64
		{7D7852D2-BFA6-4637-8BB0-B38303F8D405}.Debug|x86.ActiveCfg = Debug|Win32
		{7D7852D2-BFA6-4637-8BB0-B38303F8D405}.Debug|x86.Build.0 = Debug|Win32
		{7D7852D2-BFA6-4637-8BB0-B38303F8D405}.Release|x64.ActiveCfg = Release|x64
		{7D7852D2-BFA6-4637-8BB0-B38303F8D405}.Release|x64.Build.0 = Release|x64
		{7D7852D2-BFA6-4637-8BB0-B38303F8D405}.Release|x86.ActiveCfg = Release|Win32
		{7D7852D2-BFA6-4637-8BB0-B38303F8D405}.Release|x86.Build.0 = Release|Win32
		{BD2E056A-AF19-4E91-8F78-4065138EE7DB}.Debug|x64.ActiveCfg = Debug|x64
		{BD2E056A-AF19-4E91-8F78-4065138EE7DB}.Debug|x64.Build.0 = Debug|x64
		{BD2E056A-AF19-4E91-8F78-4065138EE7DB}.Debug|x86.ActiveCfg = Debug|Win32
		{BD2E056A-AF19-4E91-8F78-4065138EE7DB}.Debug|x86.Build.0 = Debug|Win32
		{BD2E056A-AF19-4E91-8F78-4065138EE7DB}.Release|x64.ActiveCfg = Release|x64
		{BD2E056A-AF19-4E91-8F78-4065138EE7DB}.Release|x64.Build.0 = Release|x64
		{BD2E056A-AF19-4E91-8F78-4065138EE7DB}.Release|x86.ActiveCfg = Release|Win32
		{BD2E056A-AF19-4E91-8F78-4065138EE7DB}.Release|x86.Build.0 = Release|Win32
		{A5D4E032-6C3C-4A27-B6CB-AC598086FB5D}.Debug|x64.ActiveCfg = Debug|x64
		{A5D4E032-6C3C-4A27-B6CB-AC598086FB5D}.Debug|x64.Build.0 = Debug|x64
		{A5D4E032-6C3C-4A27-B6CB-AC598086FB5D}.Debug|x86.ActiveCfg = Debug|Win32
		{A5D4E032-6C3C-4A27-B6CB-AC598086FB5D}.Debug|x86.Build.0 = Debug|Win32
		{A5D4E032-6C3C-4A27-B6CB-AC598086FB5D}.Release|x64.ActiveCfg = Release|x64
		{A5D4E032-6C3C-4A27-B6CB-AC598086FB5D}.Release|x64.Build.0 = Release|x64
		{A5D4E032-6C3C-4A27-B6CB-AC598086FB5D}.Release|x86.ActiveCfg = Release|Win32
		{A5D4E032-6C3C-4A27-B6CB-AC598086FB5D}.Release|x86.Build.0 = Release|Win32
		{EC2F0000-6638-4BA9-84C5-0E1C8594CA27}.Debug|x64.ActiveCfg = Debug|x64
		{EC2F0000-6638-4BA9-84C5-0E1C8594CA27}.Debug|x64.Build.0 = Debug|x64
		{EC2F0000-6638-4BA9-84C5-0E1C8594CA27}.Debug|x86.ActiveCfg = Debug|Win32
		{EC2F0000-6638-4BA9-84C5-0E1C8594CA27}.Debug|x86.Build.0 = Debug|Win32
		{EC2F0000-6638-4BA9-84C5-0E1C8594CA27}.Release|x64.ActiveCfg = Release|x64
		{EC2F0000-6638-4BA9-84C5-0E1C8594CA27}.Release|x64.Build.0 = Release|x64
		{EC2F0000-6638-4BA9-84C5-0E1C8594CA27}.Release|x86.ActiveCfg = Release|Win32
		{EC2F0000-6638-4BA9-84C5-0E1C8594CA27}.Release|x86.Build.0 = Release|Win32
		{44D8DB46-8A37-4454-A526-58F20A49440D}.Debug|x64.ActiveCfg = Debug|x64
		{44D8DB46-8A37-4454-A526-58F20A49440D}.Debug|x64.Build.0 = Debug|x64
		{44D8DB46-8A37-4454-A526-58F20A49440D}.Debug|x86.ActiveCfg = Debug|Win32
		{44D8DB46-8A37-4454-A526-58F20A49440D}.Debug|x86.Build.0 = Debug|Win32
		{44D8DB46-8A37-4454-A526-58F20A49440D}.Release|x64.ActiveCfg = Release|x64
		{44D8DB46-8A37-4454-A526-58F20A49440D}.Release|x64.Build.0 = Release|x64
		{44D8DB46-8A37-4454-A526-58F20A49440D}.Release|x86.ActiveCfg = Release|Win32
		{44D8DB46-8A37-4454-A526-58F20A49440D}.Release|x86.Build.0 = Release|Win32
		{01B089DC-C317-4FFF-A642-35D89575686F}.Debug|x64.ActiveCfg = Debug|x64
		{01B089DC-C317-4FFF-A642-35D89575686F}.Debug|x64.Build.0 = Debug|x64
		{01B089DC-C317-4FFF-A642-35D89575686F}.Debug|x86.ActiveCfg = Debug|Win32
		{01B089DC-C317-4FFF-A642-35D89575686F}.Debug|x86.Build.0 = Debug|Win32
		{01B089DC-C317-4FFF-A642-35D89575686F}.Release|x64.ActiveCfg = Release|x64
		{01B089DC-C317-4FFF-A642-35D89575686F}.Release|x64.Build.0 = Release|x64
		{01B089DC-C317-4FFF-A642-35D89575686F}.Release|x86.ActiveCfg = Release|Win32
		{01B089DC-C317-4FFF-A642-35D89575686F}.Release|x86.Build.0 = Release|Win32
		{AD449C24-E131-457D-A7A7-722DA1B1BADD}.Debug|x64.ActiveCfg = Debug|x64
		{AD449C24-E131-457D-A7A7-722DA1B1BADD}.Debug|x64.Build.0 = Debug|x64
		{AD449C24-E131-457D-A7A7-722DA1B1BADD}.Debug|x86.ActiveCfg = Debug|Win32
		{AD449C24-E131-457D-A7A7-722DA1B1BADD}.Debug|x86.Build.0 = Debug|Win32
		{AD449C24-E131-457D-A7A7-722DA1B1BADD}.Release|x64.ActiveCfg = Release|x64
		{AD449C24-E131-457D-A7A7-722DA1B1BADD}.Release|x64.Build.0 = Release|x64
		{AD449C24-E131-457D-A7A7-722DA1B1BADD}.Release|x86.ActiveCfg = Release|Win32
		{AD449C24-E131-457D-A7A7-722DA1B1BADD}.Release|x86.Build.0 = Release|Win32
		{6CEE8A17-C600-4DFE-962D-9404529382A4}.Debug|x64.ActiveCfg = Debug|x64
		{6CEE8A17-C600-4DFE-962D-9404529382A4}.Debug|x64.Build.0 = Debug|x64
		{6CEE8A17-C600-4DFE-962D-9404529382A4}.Debug|x86.ActiveCfg = Debug|Win32
		{6CEE8A17-C600-4DFE-962D-9404529382A4}.Debug|x86.Build.0 = Debug|Win32
		{6CEE8A17-C600-4DFE-962D-9404529382A4}.Release|x64.ActiveCfg = Release|x64
		{6CEE8A17-C600-4DFE-962D-9404529382A4}.Release|x64.Build.0 = Release|x64
		{6CEE8A17-C600-4DFE-962D-9404529382A4}.Release|x86.ActiveCfg = Release|Win32
		{6CEE8A17-C600-4DFE-962D-9404529382A4}.Release|x86.Build.0 = Release|Win32
	EndGlobalSection
	GlobalSection(SolutionProperties) = preSolution
		HideSolutionNode = FALSE
	EndGlobalSection
	GlobalSection(ExtensibilityGlobals) = postSolution
		SolutionGuid = {9CBA5C25-25F5-4B37-883B-97BA9869E683}
	EndGlobalSection
EndGlobal
